# This file was autogenerated by uv via the following command:
#    uv pip compile pyproject.toml -o requirements.lock
alembic==1.18.4
    # via applypilot (pyproject.toml)
annotated-doc==0.0.4
    # via fastapi
annotated-types==0.7.0
    # via pydantic
anyio==4.13.0
    # via
    #   httpx
    #   starlette
    #   watchfiles
beautifulsoup4==4.14.3
    # via
    #   applypilot (pyproject.toml)
    #   markdownify
    #   python-jobspy
cachetools==7.0.6
    # via applypilot (pyproject.toml)
certifi==2026.4.22
    # via
    #   httpcore
    #   httpx
    #   requests
cffi==2.0.0
    # via cryptography
charset-normalizer==3.4.7
    # via requests
click==8.3.3
    # via uvicorn
cryptography==47.0.0
    # via pyjwt
fastapi==0.136.1
    # via applypilot (pyproject.toml)
greenlet==3.5.0
    # via playwright
h11==0.16.0
    # via
    #   httpcore
    #   uvicorn
httpcore==1.0.9
    # via httpx
httptools==0.7.1
    # via uvicorn
httpx==0.28.1
    # via applypilot (pyproject.toml)
idna==3.13
    # via
    #   anyio
    #   httpx
    #   requests
mako==1.3.11
    # via alembic
markdown-it-py==4.0.0
    # via rich
markdownify==0.13.1
    # via python-jobspy
markupsafe==3.0.3
    # via mako
mdurl==0.1.2
    # via markdown-it-py
numpy==1.26.3
    # via
    #   pandas
    #   python-jobspy
pandas==2.3.3
    # via
    #   applypilot (pyproject.toml)
    #   python-jobspy
playwright==1.58.0
    # via applypilot (pyproject.toml)
pycparser==3.0
    # via cffi
pydantic==2.13.3
    # via
    #   fastapi
    #   python-jobspy
    #   sqlmodel
pydantic-core==2.46.3
    # via pydantic
pyee==13.0.1
    # via playwright
pygments==2.20.0
    # via rich
pyjwt==2.12.1
    # via applypilot (pyproject.toml)
pypdf==6.10.2
    # via applypilot (pyproject.toml)
python-dateutil==2.9.0.post0
    # via pandas
python-dotenv==1.2.2
    # via
    #   applypilot (pyproject.toml)
    #   uvicorn
python-jobspy==1.1.82
    # via applypilot (pyproject.toml)
python-multipart==0.0.27
    # via applypilot (pyproject.toml)
pytz==2026.1.post1
    # via pandas
pyyaml==6.0.3
    # via
    #   applypilot (pyproject.toml)
    #   uvicorn
regex==2024.11.6
    # via python-jobspy
requests==2.33.1
    # via python-jobspy
rich==15.0.0
    # via applypilot (pyproject.toml)
six==1.17.0
    # via
    #   markdownify
    #   python-dateutil
soupsieve==2.8.3
    # via beautifulsoup4
sqlalchemy==2.0.49
    # via
    #   applypilot (pyproject.toml)
    #   alembic
    #   sqlmodel
sqlmodel==0.0.38
    # via applypilot (pyproject.toml)
starlette==1.0.0
    # via fastapi
tls-client==1.0.1
    # via python-jobspy
typing-extensions==4.15.0
    # via
    #   alembic
    #   anyio
    #   beautifulsoup4
    #   fastapi
    #   pydantic
    #   pydantic-core
    #   pyee
    #   sqlalchemy
    #   sqlmodel
    #   starlette
    #   typing-inspection
typing-inspection==0.4.2
    # via
    #   fastapi
    #   pydantic
tzdata==2026.2
    # via pandas
urllib3==2.6.3
    # via requests
uvicorn==0.46.0
    # via applypilot (pyproject.toml)
uvloop==0.22.1
    # via uvicorn
watchfiles==1.1.1
    # via uvicorn
websockets==16.0
    # via uvicorn
